
Microsoft Visual Studio Solution File, Format Version 12.00
# Visual Studio Version 16
VisualStudioVersion = 16.0.31624.102
MinimumVisualStudioVersion = 10.0.40219.1
Project("{FAE04EC0-301F-11D3-BF4B-00C04F79EFBC}") = "NumeroPrimo100", "NumeroPrimo100.csproj", "{FE1D682E-6E5A-4A67-ABBF-4C20C91266F8}"
EndProject
Global
	GlobalSection(SolutionConfigurationPlatforms) = preSolution
		Debug|Any CPU = Debug|Any CPU
		Release|Any CPU = Release|Any CPU
	EndGlobalSection
	GlobalSection(ProjectConfigurationPlatforms) = postSolution
		{FE1D682E-6E5A-4A67-ABBF-4C20C91266F8}.Debug|Any CPU.ActiveCfg = Debug|Any CPU
		{FE1D682E-6E5A-4A67-ABBF-4C20C91266F8}.Debug|Any CPU.Build.0 = Debug|Any CPU
		{FE1D682E-6E5A-4A67-ABBF-4C20C91266F8}.Release|Any CPU.ActiveCfg = Release|Any CPU
		{FE1D682E-6E5A-4A67-ABBF-4C20C91266F8}.Release|Any CPU.Build.0 = Release|Any CPU
	EndGlobalSection
	GlobalSection(SolutionProperties) = preSolution
		HideSolutionNode = FALSE
	EndGlobalSection
	GlobalSection(ExtensibilityGlobals) = postSolution
		SolutionGuid = {D9F72E37-4EE9-45F7-992A-2ADDF3F0E950}
	EndGlobalSection
EndGlobal
